
Microsoft Visual Studio Solution File, Format Version 12.00
# Visual Studio Version 17
VisualStudioVersion = 17.6.33723.286
MinimumVisualStudioVersion = 10.0.40219.1
Project("{FAE04EC0-301F-11D3-BF4B-00C04F79EFBC}") = "RandomList.Business", "RandomList.Business\RandomList.Business.csproj", "{D69DFBE7-1063-4433-BFBA-37AB26BEC89C}"
EndProject
Project("{FAE04EC0-301F-11D3-BF4B-00C04F79EFBC}") = "RandomList.DataAccess", "RandomList.DataAccess\RandomList.DataAccess.csproj", "{E383B34A-B31A-4E1A-BB12-72AAE54833DE}"
EndProject
Project("{FAE04EC0-301F-11D3-BF4B-00C04F79EFBC}") = "RandomList.Entities", "RandomList.Entities\RandomList.Entities.csproj", "{1CC003C2-62B2-40D0-8A73-960EEB1C9BD1}"
EndProject
Project("{FAE04EC0-301F-11D3-BF4B-00C04F79EFBC}") = "RandomList.UI", "RandomList.UI\RandomList.UI.csproj", "{80C2C0BA-76E7-4B2B-AC6A-7ABC16596216}"
EndProject
Global
	GlobalSection(SolutionConfigurationPlatforms) = preSolution
		Debug|Any CPU = Debug|Any CPU
		Release|Any CPU = Release|Any CPU
	EndGlobalSection
	GlobalSection(ProjectConfigurationPlatforms) = postSolution
		{D69DFBE7-1063-4433-BFBA-37AB26BEC89C}.Debug|Any CPU.ActiveCfg = Debug|Any CPU
		{D69DFBE7-1063-4433-BFBA-37AB26BEC89C}.Debug|Any CPU.Build.0 = Debug|Any CPU
		{D69DFBE7-1063-4433-BFBA-37AB26BEC89C}.Release|Any CPU.ActiveCfg = Release|Any CPU
		{D69DFBE7-1063-4433-BFBA-37AB26BEC89C}.Release|Any CPU.Build.0 = Release|Any CPU
		{E383B34A-B31A-4E1A-BB12-72AAE54833DE}.Debug|Any CPU.ActiveCfg = Debug|Any CPU
		{E383B34A-B31A-4E1A-BB12-72AAE54833DE}.Debug|Any CPU.Build.0 = Debug|Any CPU
		{E383B34A-B31A-4E1A-BB12-72AAE54833DE}.Release|Any CPU.ActiveCfg = Release|Any CPU
		{E383B34A-B31A-4E1A-BB12-72AAE54833DE}.Release|Any CPU.Build.0 = Release|Any CPU
		{1CC003C2-62B2-40D0-8A73-960EEB1C9BD1}.Debug|Any CPU.ActiveCfg = Debug|Any CPU
		{1CC003C2-62B2-40D0-8A73-960EEB1C9BD1}.Debug|Any CPU.Build.0 = Debug|Any CPU
		{1CC003C2-62B2-40D0-8A73-960EEB1C9BD1}.Release|Any CPU.ActiveCfg = Release|Any CPU
		{1CC003C2-62B2-40D0-8A73-960EEB1C9BD1}.Release|Any CPU.Build.0 = Release|Any CPU
		{80C2C0BA-76E7-4B2B-AC6A-7ABC16596216}.Debug|Any CPU.ActiveCfg = Debug|Any CPU
		{80C2C0BA-76E7-4B2B-AC6A-7ABC16596216}.Debug|Any CPU.Build.0 = Debug|Any CPU
		{80C2C0BA-76E7-4B2B-AC6A-7ABC16596216}.Release|Any CPU.ActiveCfg = Release|Any CPU
		{80C2C0BA-76E7-4B2B-AC6A-7ABC16596216}.Release|Any CPU.Build.0 = Release|Any CPU
	EndGlobalSection
	GlobalSection(SolutionProperties) = preSolution
		HideSolutionNode = FALSE
	EndGlobalSection
	GlobalSection(ExtensibilityGlobals) = postSolution
		SolutionGuid = {0B5D29BC-AE35-4B4C-ADEA-0689B2DF6EA1}
	EndGlobalSection
EndGlobal
